
Microsoft Visual Studio Solution File, Format Version 12.00
# Visual Studio Version 17
VisualStudioVersion = 17.14.36811.4 d17.14
MinimumVisualStudioVersion = 10.0.40219.1
Project("{FAE04EC0-301F-11D3-BF4B-00C04F79EFBC}") = "TaCo", "TaCo\TaCo.csproj", "{FF310ECE-314F-4536-979C-EF6B3F49E1DF}"
EndProject
Global
	GlobalSection(SolutionConfigurationPlatforms) = preSolution
		Debug|Any CPU = Debug|Any CPU
		Release|Any CPU = Release|Any CPU
	EndGlobalSection
	GlobalSection(ProjectConfigurationPlatforms) = postSolution
		{FF310ECE-314F-4536-979C-EF6B3F49E1DF}.Debug|Any CPU.ActiveCfg = Debug|Any CPU
		{FF310ECE-314F-4536-979C-EF6B3F49E1DF}.Debug|Any CPU.Build.0 = Debug|Any CPU
		{FF310ECE-314F-4536-979C-EF6B3F49E1DF}.Release|Any CPU.ActiveCfg = Release|Any CPU
		{FF310ECE-314F-4536-979C-EF6B3F49E1DF}.Release|Any CPU.Build.0 = Release|Any CPU
	EndGlobalSection
	GlobalSection(SolutionProperties) = preSolution
		HideSolutionNode = FALSE
	EndGlobalSection
	GlobalSection(ExtensibilityGlobals) = postSolution
		SolutionGuid = {D1F2A08C-47CD-4EE3-B570-CD3C91209B43}
	EndGlobalSection
EndGlobal
